{"version":4,"terraform_version":"1.11.5","serial":13,"lineage":"03a65548-ed94-b01f-a6ab-d1763a90ee8f","outputs":{},"resources":[{"mode":"managed","type":"proxmox_download_file","name":"debian-cloud","provider":"provider[\"registry.opentofu.org/bpg/proxmox\"]","instances":[{"schema_version":0,"attributes":{"checksum":null,"checksum_algorithm":null,"content_type":"import","datastore_id":"local","decompression_algorithm":null,"file_name":"debian-13-genericcloud-amd64.qcow2","id":"local:import/debian-13-genericcloud-amd64.qcow2","node_name":"pve-for-test-tf","overwrite":true,"overwrite_unmanaged":false,"size":341180416,"upload_timeout":600,"url":"https://cloud.debian.org/images/cloud/trixie/latest/debian-13-genericcloud-amd64.qcow2","verify":true},"sensitive_attributes":[],"private":"eyJvcmlnaW5hbF9zdGF0ZV9zaXplIjoiTXpReE1UZ3dOREUyIiwidXJsX3NpemUiOiJNelF4TVRnd05ERTIifQ=="}]}],"check_results":null}
