{"version":4,"terraform_version":"1.11.5","serial":11,"lineage":"82f0a3a9-28f9-366b-81ae-510d66bc195c","outputs":{"vms":{"value":{"zalupa-dev":{"ipv4":[["127.0.0.1"],["10.205.209.83"]],"vm_id":302},"zalupa-test":{"ipv4":[["127.0.0.1"],["10.205.209.206"]],"vm_id":303}},"type":["object",{"zalupa-dev":["object",{"ipv4":["list",["list","string"]],"vm_id":"number"}],"zalupa-test":["object",{"ipv4":["list",["list","string"]],"vm_id":"number"}]}]}},"resources":[{"mode":"managed","type":"proxmox_virtual_environment_vm","name":"this","provider":"provider[\"registry.opentofu.org/bpg/proxmox\"]","instances":[{"index_key":"zalupa-dev","schema_version":0,"attributes":{"acpi":true,"agent":[{"enabled":true,"timeout":"15m","trim":false,"type":"virtio","wait_for_ip":[]}],"amd_sev":[],"audio_device":[],"bios":"seabios","boot_order":["scsi0"],"cdrom":[],"clone":[{"datastore_id":"","full":true,"node_name":"","retries":1,"vm_id":350}],"cpu":[{"affinity":"","architecture":"","cores":3,"flags":null,"hotplugged":0,"limit":0,"numa":false,"sockets":2,"type":"x86-64-v2-AES","units":0}],"delete_unreferenced_disks_on_destroy":true,"description":"руками не трогать 0_o","disk":[{"aio":"io_uring","backup":false,"cache":"none","datastore_id":"LVMStor","discard":"ignore","file_format":"raw","file_id":"","import_from":"","interface":"scsi0","iothread":true,"path_in_datastore":"vm-302-disk-0","queues":0,"replicate":true,"serial":"","size":50,"speed":[],"ssd":true}],"efi_disk":[],"hook_script_file_id":null,"hostpci":[],"hotplug":null,"id":"302","initialization":[{"datastore_id":"LVMStor","dns":[],"file_format":"","interface":"ide2","ip_config":[{"ipv4":[{"address":"dhcp","gateway":""}],"ipv6":[]}],"meta_data_file_id":"","network_data_file_id":"","type":"","upgrade":true,"user_account":[{"keys":["ssh-ed25519 AAAAC3NzaC1lZDI1NTE5AAAAIDK67tWz/KAqq9g/cPinviQg9bLhzmA3YcaOV4e7L9Nt admin@localhost.localdomain","ssh-ed25519 AAAAC3NzaC1lZDI1NTE5AAAAILn7Mle/qzd3LdZagtbhDbvsdfHs95dKzGYnCQiisLIQ admin@vsrv-ansible"],"password":"**********","username":"admin"}],"user_data_file_id":"","vendor_data_file_id":""}],"ipv4_addresses":[["127.0.0.1"],["10.205.209.83"]],"ipv6_addresses":[["::1"],["fe80::be24:11ff:febe:ec89"]],"keyboard_layout":"en-us","kvm_arguments":null,"mac_addresses":["00:00:00:00:00:00","BC:24:11:BE:EC:89"],"machine":"q35","memory":[{"dedicated":8192,"floating":0,"hugepages":"","keep_hugepages":false,"shared":0}],"migrate":false,"name":"zalupa-dev","network_device":[{"bridge":"vmbr0","disconnected":false,"enabled":true,"firewall":true,"mac_address":"BC:24:11:BE:EC:89","model":"virtio","mtu":0,"queues":0,"rate_limit":0,"trunks":"","vlan_id":209}],"network_interface_names":["lo","eth0"],"node_name":"pve03","numa":[],"on_boot":false,"operating_system":[],"pool_id":"TEST_TF","protection":false,"purge_on_destroy":true,"reboot":false,"reboot_after_update":true,"rng":[],"scsi_hardware":"virtio-scsi-single","serial_device":[],"smbios":[],"started":true,"startup":[],"stop_on_destroy":true,"tablet_device":true,"tags":["tf"],"template":false,"timeout_clone":1800,"timeout_create":1800,"timeout_migrate":1800,"timeout_move_disk":1800,"timeout_reboot":1800,"timeout_shutdown_vm":1800,"timeout_start_vm":1800,"timeout_stop_vm":300,"tpm_state":[],"usb":[],"vga":[],"virtiofs":[],"vm_id":302,"watchdog":[]},"sensitive_attributes":[[{"type":"get_attr","value":"initialization"},{"type":"index","value":{"value":0,"type":"number"}},{"type":"get_attr","value":"user_account"},{"type":"index","value":{"value":0,"type":"number"}},{"type":"get_attr","value":"password"}]],"private":"bnVsbA=="},{"index_key":"zalupa-test","schema_version":0,"attributes":{"acpi":true,"agent":[{"enabled":true,"timeout":"15m","trim":false,"type":"virtio","wait_for_ip":[]}],"amd_sev":[],"audio_device":[],"bios":"seabios","boot_order":["scsi0"],"cdrom":[],"clone":[{"datastore_id":"","full":true,"node_name":"","retries":1,"vm_id":350}],"cpu":[{"affinity":"","architecture":"","cores":6,"flags":null,"hotplugged":0,"limit":0,"numa":false,"sockets":2,"type":"x86-64-v2-AES","units":0}],"delete_unreferenced_disks_on_destroy":true,"description":"руками не трогать 0_o","disk":[{"aio":"io_uring","backup":false,"cache":"none","datastore_id":"LVMStor","discard":"ignore","file_format":"raw","file_id":"","import_from":"","interface":"scsi0","iothread":true,"path_in_datastore":"vm-303-disk-0","queues":0,"replicate":true,"serial":"","size":120,"speed":[],"ssd":true}],"efi_disk":[],"hook_script_file_id":null,"hostpci":[],"hotplug":null,"id":"303","initialization":[{"datastore_id":"LVMStor","dns":[],"file_format":"","interface":"ide2","ip_config":[{"ipv4":[{"address":"dhcp","gateway":""}],"ipv6":[]}],"meta_data_file_id":"","network_data_file_id":"","type":"","upgrade":true,"user_account":[{"keys":["ssh-ed25519 AAAAC3NzaC1lZDI1NTE5AAAAIDK67tWz/KAqq9g/cPinviQg9bLhzmA3YcaOV4e7L9Nt admin@localhost.localdomain","ssh-ed25519 AAAAC3NzaC1lZDI1NTE5AAAAILn7Mle/qzd3LdZagtbhDbvsdfHs95dKzGYnCQiisLIQ admin@vsrv-ansible"],"password":"**********","username":"admin"}],"user_data_file_id":"","vendor_data_file_id":""}],"ipv4_addresses":[["127.0.0.1"],["10.205.209.206"]],"ipv6_addresses":[["::1"],["fe80::be24:11ff:fe37:731e"]],"keyboard_layout":"en-us","kvm_arguments":null,"mac_addresses":["00:00:00:00:00:00","BC:24:11:37:73:1E"],"machine":"q35","memory":[{"dedicated":24576,"floating":0,"hugepages":"","keep_hugepages":false,"shared":0}],"migrate":false,"name":"zalupa-test","network_device":[{"bridge":"vmbr0","disconnected":false,"enabled":true,"firewall":true,"mac_address":"BC:24:11:37:73:1E","model":"virtio","mtu":0,"queues":0,"rate_limit":0,"trunks":"","vlan_id":209}],"network_interface_names":["lo","eth0"],"node_name":"pve03","numa":[],"on_boot":false,"operating_system":[],"pool_id":"TEST_TF","protection":false,"purge_on_destroy":true,"reboot":false,"reboot_after_update":true,"rng":[],"scsi_hardware":"virtio-scsi-single","serial_device":[],"smbios":[],"started":true,"startup":[],"stop_on_destroy":true,"tablet_device":true,"tags":["tf","zalupa"],"template":false,"timeout_clone":1800,"timeout_create":1800,"timeout_migrate":1800,"timeout_move_disk":1800,"timeout_reboot":1800,"timeout_shutdown_vm":1800,"timeout_start_vm":1800,"timeout_stop_vm":300,"tpm_state":[],"usb":[],"vga":[],"virtiofs":[],"vm_id":303,"watchdog":[]},"sensitive_attributes":[[{"type":"get_attr","value":"initialization"},{"type":"index","value":{"value":0,"type":"number"}},{"type":"get_attr","value":"user_account"},{"type":"index","value":{"value":0,"type":"number"}},{"type":"get_attr","value":"password"}]],"private":"bnVsbA=="}]}],"check_results":[{"object_kind":"resource","config_addr":"proxmox_virtual_environment_vm.this","status":"pass","objects":[{"object_addr":"proxmox_virtual_environment_vm.this[\"zalupa-test\"]","status":"pass"},{"object_addr":"proxmox_virtual_environment_vm.this[\"zalupa-dev\"]","status":"pass"}]},{"object_kind":"var","config_addr":"var.vm_id_range","status":"pass","objects":[{"object_addr":"var.vm_id_range","status":"pass"}]}]}
