{"version":4,"terraform_version":"1.11.5","serial":46,"lineage":"03a65548-ed94-b01f-a6ab-d1763a90ee8f","outputs":{"vm_ips":{"value":{"vm-web":[["127.0.0.1"],["192.168.100.51"]]},"type":["object",{"vm-web":["list",["list","string"]]}]}},"resources":[{"mode":"managed","type":"proxmox_download_file","name":"alma-cloud","provider":"provider[\"registry.opentofu.org/bpg/proxmox\"]","instances":[{"schema_version":0,"attributes":{"checksum":null,"checksum_algorithm":null,"content_type":"import","datastore_id":"local","decompression_algorithm":null,"file_name":"AlmaLinux-8-GenericCloud-latest.x86_64.qcow2","id":"local:import/AlmaLinux-8-GenericCloud-latest.x86_64.qcow2","node_name":"pve-for-test-tf","overwrite":true,"overwrite_unmanaged":false,"size":1597112320,"upload_timeout":600,"url":"https://repo.almalinux.org/almalinux/8/cloud/x86_64/images/AlmaLinux-8-GenericCloud-latest.x86_64.qcow2","verify":true},"sensitive_attributes":[],"private":"eyJvcmlnaW5hbF9zdGF0ZV9zaXplIjoiTVRVNU56RXhNak15TUE9PSIsInVybF9zaXplIjoiTVRVNU56RXhNak15TUE9PSJ9"}]},{"mode":"managed","type":"proxmox_download_file","name":"debian-cloud","provider":"provider[\"registry.opentofu.org/bpg/proxmox\"]","instances":[{"schema_version":0,"attributes":{"checksum":null,"checksum_algorithm":null,"content_type":"import","datastore_id":"local","decompression_algorithm":null,"file_name":"debian-13-genericcloud-amd64.qcow2","id":"local:import/debian-13-genericcloud-amd64.qcow2","node_name":"pve-for-test-tf","overwrite":true,"overwrite_unmanaged":false,"size":343539712,"upload_timeout":600,"url":"https://cloud.debian.org/images/cloud/trixie/latest/debian-13-genericcloud-amd64.qcow2","verify":true},"sensitive_attributes":[],"private":"eyJvcmlnaW5hbF9zdGF0ZV9zaXplIjoiTXpRek5UTTVOekV5IiwidXJsX3NpemUiOiJNelF6TlRNNU56RXkifQ=="}]},{"mode":"managed","type":"proxmox_virtual_environment_file","name":"cloud_init","provider":"provider[\"registry.opentofu.org/bpg/proxmox\"]","instances":[{"index_key":"vm-web","schema_version":0,"attributes":{"content_type":"snippets","datastore_id":"local","file_mode":null,"file_modification_date":null,"file_name":"user-data-vm-web.yaml","file_size":null,"file_tag":null,"id":"local:snippets/user-data-vm-web.yaml","node_name":"pve-for-test-tf","overwrite":true,"source_file":[],"source_raw":[{"data":"#cloud-config\nhostname: vm-web\nmanage_etc_hosts: true\nssh_pwauth: true\nusers:\n  - name: admin\n    groups: wheel\n    sudo: ALL=(ALL) NOPASSWD:ALL\n    shell: /bin/bash\n    lock_passwd: false\n    passwd: $6$IXxUnOsbyPtjLDmy$BRkEUnzr5UYSXcjTr7YeQrYoZwKPvdx7Q5aBFEs08b24aiJTvBmSz1cnXd04ecg5HIE7PIt72iZc.onqtATt60\n    ssh_authorized_keys:\n       - ssh-ed25519 AAAAC3NzaC1lZDI1NTE5AAAAIDK67tWz/KAqq9g/cPinviQg9bLhzmA3YcaOV4e7L9Nt admin@localhost.localdomain\n       - ssh-ed25519 AAAAC3NzaC1lZDI1NTE5AAAAILn7Mle/qzd3LdZagtbhDbvsdfHs95dKzGYnCQiisLIQ admin@vsrv-ansible\n\npackages:\n  - qemu-guest-agent\n  - python39\nruncmd:\n  - systemctl enable --now qemu-guest-agent\n","file_name":"user-data-vm-web.yaml","resize":0}],"timeout_upload":1800,"upload_mode":"stream"},"sensitive_attributes":[[{"type":"get_attr","value":"source_raw"},{"type":"index","value":{"value":0,"type":"number"}},{"type":"get_attr","value":"data"}]],"private":"bnVsbA=="}]},{"mode":"managed","type":"proxmox_virtual_environment_vm","name":"test","provider":"provider[\"registry.opentofu.org/bpg/proxmox\"]","instances":[{"index_key":"vm-web","schema_version":0,"attributes":{"acpi":true,"agent":[{"enabled":true,"timeout":"15m","trim":false,"type":"virtio","wait_for_ip":[]}],"amd_sev":[],"audio_device":[],"bios":"seabios","boot_order":["scsi0","net0"],"cdrom":[],"clone":[{"datastore_id":"","full":true,"node_name":"","retries":1,"vm_id":100}],"cpu":[{"affinity":"","architecture":"","cores":4,"flags":null,"hotplugged":0,"limit":0,"numa":false,"sockets":1,"type":"host","units":0}],"delete_unreferenced_disks_on_destroy":true,"description":null,"disk":[{"aio":"io_uring","backup":true,"cache":"none","datastore_id":"local-lvm","discard":"ignore","file_format":"raw","file_id":"","import_from":"","interface":"scsi0","iothread":false,"path_in_datastore":"vm-101-disk-0","queues":0,"replicate":true,"serial":"","size":60,"speed":[],"ssd":false}],"efi_disk":[],"hook_script_file_id":null,"hostpci":[],"hotplug":null,"id":"101","initialization":[{"datastore_id":"local-lvm","dns":[{"domain":"insyres.ru","servers":["10.205.251.2"]}],"file_format":"","interface":"ide2","ip_config":[{"ipv4":[{"address":"192.168.100.51/24","gateway":"192.168.100.1"}],"ipv6":[]}],"meta_data_file_id":"","network_data_file_id":"","type":"","upgrade":true,"user_account":[],"user_data_file_id":"local:snippets/user-data-vm-web.yaml","vendor_data_file_id":""}],"ipv4_addresses":[["127.0.0.1"],["192.168.100.51"]],"ipv6_addresses":[["::1"],["fe80::be24:11ff:fea0:9f4"]],"keyboard_layout":"en-us","kvm_arguments":null,"mac_addresses":["00:00:00:00:00:00","BC:24:11:A0:09:F4"],"machine":null,"memory":[{"dedicated":8192,"floating":0,"hugepages":"","keep_hugepages":false,"shared":0}],"migrate":false,"name":"vm-web","network_device":[{"bridge":"vmbr1","disconnected":false,"enabled":true,"firewall":false,"mac_address":"BC:24:11:A0:09:F4","model":"virtio","mtu":0,"queues":0,"rate_limit":0,"trunks":"","vlan_id":0}],"network_interface_names":["lo","eth0"],"node_name":"pve-for-test-tf","numa":[],"on_boot":true,"operating_system":[],"pool_id":"","protection":false,"purge_on_destroy":true,"reboot":false,"reboot_after_update":true,"rng":[],"scsi_hardware":"virtio-scsi-pci","serial_device":[],"smbios":[],"started":true,"startup":[],"stop_on_destroy":false,"tablet_device":true,"tags":["devops","sandbox"],"template":false,"timeout_clone":1800,"timeout_create":1800,"timeout_migrate":1800,"timeout_move_disk":1800,"timeout_reboot":1800,"timeout_shutdown_vm":1800,"timeout_start_vm":1800,"timeout_stop_vm":300,"tpm_state":[],"usb":[],"vga":[],"virtiofs":[],"vm_id":101,"watchdog":[]},"sensitive_attributes":[],"private":"bnVsbA==","dependencies":["proxmox_virtual_environment_file.cloud_init"]}]}],"check_results":null}
