{"version":4,"terraform_version":"1.12.1","serial":24,"lineage":"51fbead2-4199-cb87-045d-a12c1683e65d","outputs":{"containers_ip":{"value":{},"type":["object",{}]}},"resources":[{"mode":"managed","type":"proxmox_download_file","name":"debian_cloud","provider":"provider[\"registry.opentofu.org/bpg/proxmox\"]","instances":[{"schema_version":0,"attributes":{"checksum":null,"checksum_algorithm":null,"content_type":"import","datastore_id":"local","decompression_algorithm":null,"file_name":"debian-13-genericcloud-amd64.qcow2","id":"local:import/debian-13-genericcloud-amd64.qcow2","node_name":"pve","overwrite":true,"overwrite_unmanaged":false,"size":339673088,"upload_timeout":600,"url":"https://cloud.debian.org/images/cloud/trixie/latest/debian-13-genericcloud-amd64.qcow2","verify":true},"sensitive_attributes":[],"private":"eyJvcmlnaW5hbF9zdGF0ZV9zaXplIjoiTXpNNU5qY3pNRGc0IiwidXJsX3NpemUiOiJNek01Tmpjek1EZzQifQ=="}]},{"mode":"managed","type":"proxmox_download_file","name":"templates","provider":"provider[\"registry.opentofu.org/bpg/proxmox\"]","instances":[{"index_key":"alpine-3.22","schema_version":0,"attributes":{"checksum":null,"checksum_algorithm":null,"content_type":"vztmpl","datastore_id":"local","decompression_algorithm":null,"file_name":"alpine-3.22-default_20250617_amd64.tar.xz","id":"local:vztmpl/alpine-3.22-default_20250617_amd64.tar.xz","node_name":"pve","overwrite":true,"overwrite_unmanaged":true,"size":3271244,"upload_timeout":600,"url":"http://download.proxmox.com/images/system/alpine-3.22-default_20250617_amd64.tar.xz","verify":true},"sensitive_attributes":[],"private":"eyJvcmlnaW5hbF9zdGF0ZV9zaXplIjoiTXpJM01USTBOQT09IiwidXJsX3NpemUiOiJNekkzTVRJME5BPT0ifQ=="},{"index_key":"debian-13","schema_version":0,"attributes":{"checksum":null,"checksum_algorithm":null,"content_type":"vztmpl","datastore_id":"local","decompression_algorithm":null,"file_name":"debian-13-standard_13.1-2_amd64.tar.zst","id":"local:vztmpl/debian-13-standard_13.1-2_amd64.tar.zst","node_name":"pve","overwrite":true,"overwrite_unmanaged":true,"size":129710398,"upload_timeout":600,"url":"http://download.proxmox.com/images/system/debian-13-standard_13.1-2_amd64.tar.zst","verify":true},"sensitive_attributes":[],"private":"eyJvcmlnaW5hbF9zdGF0ZV9zaXplIjoiTVRJNU56RXdNems0IiwidXJsX3NpemUiOiJNVEk1TnpFd016azQifQ=="}]},{"mode":"managed","type":"proxmox_virtual_environment_vm","name":"debian_vm","provider":"provider[\"registry.opentofu.org/bpg/proxmox\"]","instances":[{"schema_version":0,"attributes":{"acpi":true,"agent":[{"enabled":false,"timeout":"15m","trim":false,"type":"virtio","wait_for_ip":[]}],"amd_sev":[],"audio_device":[],"bios":"seabios","boot_order":["virtio0","net0"],"cdrom":[],"clone":[],"cpu":[{"affinity":"","architecture":"","cores":1,"flags":[],"hotplugged":0,"limit":0,"numa":false,"sockets":1,"type":"host","units":0}],"delete_unreferenced_disks_on_destroy":true,"description":"prod stand for mip","disk":[{"aio":"io_uring","backup":true,"cache":"none","datastore_id":"local-lvm","discard":"ignore","file_format":"raw","file_id":"","import_from":"local:import/debian-13-genericcloud-amd64.qcow2","interface":"virtio0","iothread":false,"path_in_datastore":"vm-122-disk-0","queues":0,"replicate":true,"serial":"","size":4,"speed":[],"ssd":false}],"efi_disk":[],"hook_script_file_id":"","hostpci":[],"hotplug":null,"id":"122","initialization":[{"datastore_id":"local-lvm","dns":[{"domain":"","servers":["192.168.122.1"]}],"file_format":"","interface":"ide2","ip_config":[{"ipv4":[{"address":"192.168.122.140/24","gateway":"192.168.122.1"}],"ipv6":[]}],"meta_data_file_id":"","network_data_file_id":"","type":"","upgrade":true,"user_account":[{"keys":["ssh-ed25519 AAAAC3NzaC1lZDI1NTE5AAAAILrLQtat012SK+Jm8vNfxktKaX0DpnS5DZANW2DnRejp timafey.sokolov@yandex.ru"],"password":"**********","username":"admin"}],"user_data_file_id":"","vendor_data_file_id":""}],"ipv4_addresses":[],"ipv6_addresses":[],"keyboard_layout":"en-us","kvm_arguments":"","mac_addresses":["BC:24:11:63:95:56"],"machine":"","memory":[{"dedicated":512,"floating":0,"hugepages":"","keep_hugepages":false,"shared":0}],"migrate":false,"name":"mip-prod-git-v16","network_device":[{"bridge":"vmbr0","disconnected":false,"enabled":true,"firewall":false,"mac_address":"BC:24:11:63:95:56","model":"virtio","mtu":0,"queues":0,"rate_limit":0,"trunks":"","vlan_id":0}],"network_interface_names":[],"node_name":"pve","numa":[],"on_boot":true,"operating_system":[],"pool_id":"","protection":false,"purge_on_destroy":true,"reboot":false,"reboot_after_update":true,"rng":[],"scsi_hardware":"virtio-scsi-pci","serial_device":[],"smbios":[],"started":true,"startup":[],"stop_on_destroy":true,"tablet_device":true,"tags":["mip","prod"],"template":false,"timeout_clone":1800,"timeout_create":1800,"timeout_migrate":1800,"timeout_move_disk":1800,"timeout_reboot":1800,"timeout_shutdown_vm":1800,"timeout_start_vm":1800,"timeout_stop_vm":300,"tpm_state":[],"usb":[],"vga":[],"virtiofs":[],"vm_id":122,"watchdog":[]},"sensitive_attributes":[[{"type":"get_attr","value":"initialization"},{"type":"index","value":{"value":0,"type":"number"}},{"type":"get_attr","value":"user_account"},{"type":"index","value":{"value":0,"type":"number"}},{"type":"get_attr","value":"password"}]],"private":"bnVsbA==","dependencies":["proxmox_download_file.debian_cloud"]}]}],"check_results":null}
